
Microsoft Visual Studio Solution File, Format Version 12.00
# Visual Studio Version 17
VisualStudioVersion = 17.12.35527.113 d17.12
MinimumVisualStudioVersion = 10.0.40219.1
Project("{FAE04EC0-301F-11D3-BF4B-00C04F79EFBC}") = "Exercicio3", "Exercicio3\Exercicio3.csproj", "{A3EF0DFE-EE94-4525-A5FE-B96A2A108539}"
EndProject
Global
	GlobalSection(SolutionConfigurationPlatforms) = preSolution
		Debug|Any CPU = Debug|Any CPU
		Release|Any CPU = Release|Any CPU
	EndGlobalSection
	GlobalSection(ProjectConfigurationPlatforms) = postSolution
		{A3EF0DFE-EE94-4525-A5FE-B96A2A108539}.Debug|Any CPU.ActiveCfg = Debug|Any CPU
		{A3EF0DFE-EE94-4525-A5FE-B96A2A108539}.Debug|Any CPU.Build.0 = Debug|Any CPU
		{A3EF0DFE-EE94-4525-A5FE-B96A2A108539}.Release|Any CPU.ActiveCfg = Release|Any CPU
		{A3EF0DFE-EE94-4525-A5FE-B96A2A108539}.Release|Any CPU.Build.0 = Release|Any CPU
	EndGlobalSection
	GlobalSection(SolutionProperties) = preSolution
		HideSolutionNode = FALSE
	EndGlobalSection
EndGlobal
