
Microsoft Visual Studio Solution File, Format Version 12.00
# Visual Studio Version 17
VisualStudioVersion = 17.14.36109.1 d17.14
MinimumVisualStudioVersion = 10.0.40219.1
Project("{FAE04EC0-301F-11D3-BF4B-00C04F79EFBC}") = "Exercício6", "Exercício6\Exercício6.csproj", "{96556548-73B7-4691-9FEE-16A7A154DE65}"
EndProject
Global
	GlobalSection(SolutionConfigurationPlatforms) = preSolution
		Debug|Any CPU = Debug|Any CPU
		Release|Any CPU = Release|Any CPU
	EndGlobalSection
	GlobalSection(ProjectConfigurationPlatforms) = postSolution
		{96556548-73B7-4691-9FEE-16A7A154DE65}.Debug|Any CPU.ActiveCfg = Debug|Any CPU
		{96556548-73B7-4691-9FEE-16A7A154DE65}.Debug|Any CPU.Build.0 = Debug|Any CPU
		{96556548-73B7-4691-9FEE-16A7A154DE65}.Release|Any CPU.ActiveCfg = Release|Any CPU
		{96556548-73B7-4691-9FEE-16A7A154DE65}.Release|Any CPU.Build.0 = Release|Any CPU
	EndGlobalSection
	GlobalSection(SolutionProperties) = preSolution
		HideSolutionNode = FALSE
	EndGlobalSection
	GlobalSection(ExtensibilityGlobals) = postSolution
		SolutionGuid = {7AFFC2E8-DABD-476F-AF65-AAF3AA7943DF}
	EndGlobalSection
EndGlobal
